
Microsoft Visual Studio Solution File, Format Version 12.00
# Visual Studio Version 17
VisualStudioVersion = 17.0.31903.59
MinimumVisualStudioVersion = 10.0.40219.1
Project("{2150E333-8FDC-42A3-9474-1A3956D46DE8}") = "src", "src", "{827E0CD3-B72D-47B6-A68D-7590B98EB39B}"
EndProject
Project("{FAE04EC0-301F-11D3-BF4B-00C04F79EFBC}") = "CapstonePM.Api", "src\CapstonePM.Api\CapstonePM.Api.csproj", "{E0849F65-075D-4C66-92BB-A4B7745AC4B3}"
EndProject
Project("{FAE04EC0-301F-11D3-BF4B-00C04F79EFBC}") = "CapstonePM.Application", "src\CapstonePM.Application\CapstonePM.Application.csproj", "{1F06AFFD-2C04-4F43-9BB2-BCE2E21786B3}"
EndProject
Project("{FAE04EC0-301F-11D3-BF4B-00C04F79EFBC}") = "CapstonePM.Infrastructure", "src\CapstonePM.Infrastructure\CapstonePM.Infrastructure.csproj", "{97B85551-6EAE-40C2-8B29-8DF3B9DFFD8F}"
EndProject
Project("{2150E333-8FDC-42A3-9474-1A3956D46DE8}") = "tests", "tests", "{0AB3BF05-4346-4AA6-1389-037BE0695223}"
EndProject
Project("{FAE04EC0-301F-11D3-BF4B-00C04F79EFBC}") = "CapstonePM.Api.Tests", "tests\CapstonePM.Api.Tests\CapstonePM.Api.Tests.csproj", "{A5A7716A-6ED3-4DCC-A505-6CEE3038C4D8}"
EndProject
Global
	GlobalSection(SolutionConfigurationPlatforms) = preSolution
		Debug|Any CPU = Debug|Any CPU
		Debug|x64 = Debug|x64
		Debug|x86 = Debug|x86
		Release|Any CPU = Release|Any CPU
		Release|x64 = Release|x64
		Release|x86 = Release|x86
	EndGlobalSection
	GlobalSection(ProjectConfigurationPlatforms) = postSolution
		{E0849F65-075D-4C66-92BB-A4B7745AC4B3}.Debug|Any CPU.ActiveCfg = Debug|Any CPU
		{E0849F65-075D-4C66-92BB-A4B7745AC4B3}.Debug|Any CPU.Build.0 = Debug|Any CPU
		{E0849F65-075D-4C66-92BB-A4B7745AC4B3}.Debug|x64.ActiveCfg = Debug|Any CPU
		{E0849F65-075D-4C66-92BB-A4B7745AC4B3}.Debug|x64.Build.0 = Debug|Any CPU
		{E0849F65-075D-4C66-92BB-A4B7745AC4B3}.Debug|x86.ActiveCfg = Debug|Any CPU
		{E0849F65-075D-4C66-92BB-A4B7745AC4B3}.Debug|x86.Build.0 = Debug|Any CPU
		{E0849F65-075D-4C66-92BB-A4B7745AC4B3}.Release|Any CPU.ActiveCfg = Release|Any CPU
		{E0849F65-075D-4C66-92BB-A4B7745AC4B3}.Release|Any CPU.Build.0 = Release|Any CPU
		{E0849F65-075D-4C66-92BB-A4B7745AC4B3}.Release|x64.ActiveCfg = Release|Any CPU
		{E0849F65-075D-4C66-92BB-A4B7745AC4B3}.Release|x64.Build.0 = Release|Any CPU
		{E0849F65-075D-4C66-92BB-A4B7745AC4B3}.Release|x86.ActiveCfg = Release|Any CPU
		{E0849F65-075D-4C66-92BB-A4B7745AC4B3}.Release|x86.Build.0 = Release|Any CPU
		{1F06AFFD-2C04-4F43-9BB2-BCE2E21786B3}.Debug|Any CPU.ActiveCfg = Debug|Any CPU
		{1F06AFFD-2C04-4F43-9BB2-BCE2E21786B3}.Debug|Any CPU.Build.0 = Debug|Any CPU
		{1F06AFFD-2C04-4F43-9BB2-BCE2E21786B3}.Debug|x64.ActiveCfg = Debug|Any CPU
		{1F06AFFD-2C04-4F43-9BB2-BCE2E21786B3}.Debug|x64.Build.0 = Debug|Any CPU
		{1F06AFFD-2C04-4F43-9BB2-BCE2E21786B3}.Debug|x86.ActiveCfg = Debug|Any CPU
		{1F06AFFD-2C04-4F43-9BB2-BCE2E21786B3}.Debug|x86.Build.0 = Debug|Any CPU
		{1F06AFFD-2C04-4F43-9BB2-BCE2E21786B3}.Release|Any CPU.ActiveCfg = Release|Any CPU
		{1F06AFFD-2C04-4F43-9BB2-BCE2E21786B3}.Release|Any CPU.Build.0 = Release|Any CPU
		{1F06AFFD-2C04-4F43-9BB2-BCE2E21786B3}.Release|x64.ActiveCfg = Release|Any CPU
		{1F06AFFD-2C04-4F43-9BB2-BCE2E21786B3}.Release|x64.Build.0 = Release|Any CPU
		{1F06AFFD-2C04-4F43-9BB2-BCE2E21786B3}.Release|x86.ActiveCfg = Release|Any CPU
		{1F06AFFD-2C04-4F43-9BB2-BCE2E21786B3}.Release|x86.Build.0 = Release|Any CPU
		{97B85551-6EAE-40C2-8B29-8DF3B9DFFD8F}.Debug|Any CPU.ActiveCfg = Debug|Any CPU
		{97B85551-6EAE-40C2-8B29-8DF3B9DFFD8F}.Debug|Any CPU.Build.0 = Debug|Any CPU
		{97B85551-6EAE-40C2-8B29-8DF3B9DFFD8F}.Debug|x64.ActiveCfg = Debug|Any CPU
		{97B85551-6EAE-40C2-8B29-8DF3B9DFFD8F}.Debug|x64.Build.0 = Debug|Any CPU
		{97B85551-6EAE-40C2-8B29-8DF3B9DFFD8F}.Debug|x86.ActiveCfg = Debug|Any CPU
		{97B85551-6EAE-40C2-8B29-8DF3B9DFFD8F}.Debug|x86.Build.0 = Debug|Any CPU
		{97B85551-6EAE-40C2-8B29-8DF3B9DFFD8F}.Release|Any CPU.ActiveCfg = Release|Any CPU
		{97B85551-6EAE-40C2-8B29-8DF3B9DFFD8F}.Release|Any CPU.Build.0 = Release|Any CPU
		{97B85551-6EAE-40C2-8B29-8DF3B9DFFD8F}.Release|x64.ActiveCfg = Release|Any CPU
		{97B85551-6EAE-40C2-8B29-8DF3B9DFFD8F}.Release|x64.Build.0 = Release|Any CPU
		{97B85551-6EAE-40C2-8B29-8DF3B9DFFD8F}.Release|x86.ActiveCfg = Release|Any CPU
		{97B85551-6EAE-40C2-8B29-8DF3B9DFFD8F}.Release|x86.Build.0 = Release|Any CPU
		{A5A7716A-6ED3-4DCC-A505-6CEE3038C4D8}.Debug|Any CPU.ActiveCfg = Debug|Any CPU
		{A5A7716A-6ED3-4DCC-A505-6CEE3038C4D8}.Debug|Any CPU.Build.0 = Debug|Any CPU
		{A5A7716A-6ED3-4DCC-A505-6CEE3038C4D8}.Debug|x64.ActiveCfg = Debug|Any CPU
		{A5A7716A-6ED3-4DCC-A505-6CEE3038C4D8}.Debug|x64.Build.0 = Debug|Any CPU
		{A5A7716A-6ED3-4DCC-A505-6CEE3038C4D8}.Debug|x86.ActiveCfg = Debug|Any CPU
		{A5A7716A-6ED3-4DCC-A505-6CEE3038C4D8}.Debug|x86.Build.0 = Debug|Any CPU
		{A5A7716A-6ED3-4DCC-A505-6CEE3038C4D8}.Release|Any CPU.ActiveCfg = Release|Any CPU
		{A5A7716A-6ED3-4DCC-A505-6CEE3038C4D8}.Release|Any CPU.Build.0 = Release|Any CPU
		{A5A7716A-6ED3-4DCC-A505-6CEE3038C4D8}.Release|x64.ActiveCfg = Release|Any CPU
		{A5A7716A-6ED3-4DCC-A505-6CEE3038C4D8}.Release|x64.Build.0 = Release|Any CPU
		{A5A7716A-6ED3-4DCC-A505-6CEE3038C4D8}.Release|x86.ActiveCfg = Release|Any CPU
		{A5A7716A-6ED3-4DCC-A505-6CEE3038C4D8}.Release|x86.Build.0 = Release|Any CPU
	EndGlobalSection
	GlobalSection(SolutionProperties) = preSolution
		HideSolutionNode = FALSE
	EndGlobalSection
	GlobalSection(NestedProjects) = preSolution
		{E0849F65-075D-4C66-92BB-A4B7745AC4B3} = {827E0CD3-B72D-47B6-A68D-7590B98EB39B}
		{1F06AFFD-2C04-4F43-9BB2-BCE2E21786B3} = {827E0CD3-B72D-47B6-A68D-7590B98EB39B}
		{97B85551-6EAE-40C2-8B29-8DF3B9DFFD8F} = {827E0CD3-B72D-47B6-A68D-7590B98EB39B}
		{A5A7716A-6ED3-4DCC-A505-6CEE3038C4D8} = {0AB3BF05-4346-4AA6-1389-037BE0695223}
	EndGlobalSection
EndGlobal
